
Microsoft Visual Studio Solution File, Format Version 12.00
# Visual Studio 15
VisualStudioVersion = 15.0.28307.421
MinimumVisualStudioVersion = 10.0.40219.1
Project("{8BC9CEB8-8B4A-11D0-8D11-00A0C91BC942}") = "WindowsWork2-1", "WindowWork\WindowWork.vcxproj", "{62FA772E-2AD2-4991-BC50-60DACEFAA014}"
EndProject
Project("{8BC9CEB8-8B4A-11D0-8D11-00A0C91BC942}") = "WindowsWork2-2", "WindowsWord2-2\WindowsWord2-2.vcxproj", "{6F17559A-8512-4AC1-B5BF-591C1E9ABE68}"
EndProject
Project("{8BC9CEB8-8B4A-11D0-8D11-00A0C91BC942}") = "WindowsWork2-3", "WindowsWork2-3\WindowsWork2-3.vcxproj", "{61A5CD33-0EBA-4DD0-BED4-A1DE3E98E5B2}"
EndProject
Project("{8BC9CEB8-8B4A-11D0-8D11-00A0C91BC942}") = "WindowsWork2-4", "WindowsWork2-4\WindowsWork2-4.vcxproj", "{37A08A6C-932F-4E91-922B-D15875811940}"
EndProject
Project("{8BC9CEB8-8B4A-11D0-8D11-00A0C91BC942}") = "WindowsWork2-5", "WindowsWork2-5\WindowsWork2-5.vcxproj", "{7DB7DD10-BBBF-4C6F-A6CB-9B8D69EAA396}"
EndProject
Project("{8BC9CEB8-8B4A-11D0-8D11-00A0C91BC942}") = "WindowsWork2-6", "WindowsWork_2-6\WindowsWork_2-6.vcxproj", "{9C2F915C-2BBD-4F6C-AB3B-7E173155E1FA}"
EndProject
Project("{8BC9CEB8-8B4A-11D0-8D11-00A0C91BC942}") = "WindowsWork3-1", "WindowsWork3-1\WindowsWork3-1.vcxproj", "{E006EE7D-056B-42A0-AC36-C44B7A7633D7}"
EndProject
Project("{8BC9CEB8-8B4A-11D0-8D11-00A0C91BC942}") = "WindowsWork3-2", "WindowsWork3-2\WindowsWork3-2.vcxproj", "{C9BF3D1A-767F-421A-9870-ECF92ED17A5E}"
EndProject
Project("{8BC9CEB8-8B4A-11D0-8D11-00A0C91BC942}") = "WindowsWork3-3", "WindowsWork3-3\WindowsWork3-3.vcxproj", "{6ED0C356-0492-43A3-B452-E845FCB9CD6F}"
EndProject
Project("{8BC9CEB8-8B4A-11D0-8D11-00A0C91BC942}") = "WindowsWork3-4", "WindowsWork3-4\WindowsWork3-4.vcxproj", "{465F8976-DBB6-4701-B601-330B2C3F81AF}"
EndProject
Project("{8BC9CEB8-8B4A-11D0-8D11-00A0C91BC942}") = "WindowsWork4-1", "WindowsWork4-1\WindowsWork4-1.vcxproj", "{C27A1954-05B9-4F7A-B707-35B7A63469F4}"
EndProject
Project("{8BC9CEB8-8B4A-11D0-8D11-00A0C91BC942}") = "WindowsWork4-2", "WindowsWork4-2\WindowsWork4-2.vcxproj", "{4835BECE-2C70-4E10-9B1E-0358A01E93B9}"
EndProject
Project("{8BC9CEB8-8B4A-11D0-8D11-00A0C91BC942}") = "WindowsWork4-3", "WindowsWork4-3\WindowsWork4-3.vcxproj", "{1C754061-78C6-451D-984B-679DBCC8CBAF}"
EndProject
Project("{8BC9CEB8-8B4A-11D0-8D11-00A0C91BC942}") = "WindowsWork5-1", "WindowsWork5-1\WindowsWork5-1.vcxproj", "{227BBBE2-3DC4-4374-B8BE-79BB1F4FDFD2}"
EndProject
Project("{8BC9CEB8-8B4A-11D0-8D11-00A0C91BC942}") = "WindowsWork5-2", "WindowsWork5-2\WindowsWork5-2.vcxproj", "{F78C46D5-7B3D-44DE-AE88-D8AD3532111D}"
EndProject
Project("{8BC9CEB8-8B4A-11D0-8D11-00A0C91BC942}") = "WindowsWork5-3", "WindowsWork5-3\WindowsWork5-3.vcxproj", "{B735EF04-A9A6-4E0F-AC73-784BBD785B8C}"
EndProject
Project("{8BC9CEB8-8B4A-11D0-8D11-00A0C91BC942}") = "WindowsWork5-4", "WindowsWork5-4\WindowsWork5-4.vcxproj", "{2F58D79A-D2F3-4637-A348-C69CC72E307B}"
EndProject
Project("{8BC9CEB8-8B4A-11D0-8D11-00A0C91BC942}") = "WindowsWork5-5", "WindowsWork5-5\WindowsWork5-5.vcxproj", "{56BCA1B5-E516-4214-AF54-DF8D49D6A572}"
EndProject
Project("{8BC9CEB8-8B4A-11D0-8D11-00A0C91BC942}") = "WindowsWork5-6", "WindowsWork5-6\WindowsWork5-6.vcxproj", "{834814CC-87A8-404C-A01E-36F0503640E3}"
EndProject
Global
	GlobalSection(SolutionConfigurationPlatforms) = preSolution
		Debug|x64 = Debug|x64
		Debug|x86 = Debug|x86
		Release|x64 = Release|x64
		Release|x86 = Release|x86
	EndGlobalSection
	GlobalSection(ProjectConfigurationPlatforms) = postSolution
		{62FA772E-2AD2-4991-BC50-60DACEFAA014}.Debug|x64.ActiveCfg = Debug|x64
		{62FA772E-2AD2-4991-BC50-60DACEFAA014}.Debug|x64.Build.0 = Debug|x64
		{62FA772E-2AD2-4991-BC50-60DACEFAA014}.Debug|x86.ActiveCfg = Debug|Win32
		{62FA772E-2AD2-4991-BC50-60DACEFAA014}.Debug|x86.Build.0 = Debug|Win32
		{62FA772E-2AD2-4991-BC50-60DACEFAA014}.Release|x64.ActiveCfg = Release|x64
		{62FA772E-2AD2-4991-BC50-60DACEFAA014}.Release|x64.Build.0 = Release|x64
		{62FA772E-2AD2-4991-BC50-60DACEFAA014}.Release|x86.ActiveCfg = Release|Win32
		{62FA772E-2AD2-4991-BC50-60DACEFAA014}.Release|x86.Build.0 = Release|Win32
		{6F17559A-8512-4AC1-B5BF-591C1E9ABE68}.Debug|x64.ActiveCfg = Debug|x64
		{6F17559A-8512-4AC1-B5BF-591C1E9ABE68}.Debug|x64.Build.0 = Debug|x64
		{6F17559A-8512-4AC1-B5BF-591C1E9ABE68}.Debug|x86.ActiveCfg = Debug|Win32
		{6F17559A-8512-4AC1-B5BF-591C1E9ABE68}.Debug|x86.Build.0 = Debug|Win32
		{6F17559A-8512-4AC1-B5BF-591C1E9ABE68}.Release|x64.ActiveCfg = Release|x64
		{6F17559A-8512-4AC1-B5BF-591C1E9ABE68}.Release|x64.Build.0 = Release|x64
		{6F17559A-8512-4AC1-B5BF-591C1E9ABE68}.Release|x86.ActiveCfg = Release|Win32
		{6F17559A-8512-4AC1-B5BF-591C1E9ABE68}.Release|x86.Build.0 = Release|Win32
		{61A5CD33-0EBA-4DD0-BED4-A1DE3E98E5B2}.Debug|x64.ActiveCfg = Debug|x64
		{61A5CD33-0EBA-4DD0-BED4-A1DE3E98E5B2}.Debug|x64.Build.0 = Debug|x64
		{61A5CD33-0EBA-4DD0-BED4-A1DE3E98E5B2}.Debug|x86.ActiveCfg = Debug|Win32
		{61A5CD33-0EBA-4DD0-BED4-A1DE3E98E5B2}.Debug|x86.Build.0 = Debug|Win32
		{61A5CD33-0EBA-4DD0-BED4-A1DE3E98E5B2}.Release|x64.ActiveCfg = Release|x64
		{61A5CD33-0EBA-4DD0-BED4-A1DE3E98E5B2}.Release|x64.Build.0 = Release|x64
		{61A5CD33-0EBA-4DD0-BED4-A1DE3E98E5B2}.Release|x86.ActiveCfg = Release|Win32
		{61A5CD33-0EBA-4DD0-BED4-A1DE3E98E5B2}.Release|x86.Build.0 = Release|Win32
		{37A08A6C-932F-4E91-922B-D15875811940}.Debug|x64.ActiveCfg = Debug|x64
		{37A08A6C-932F-4E91-922B-D15875811940}.Debug|x64.Build.0 = Debug|x64
		{37A08A6C-932F-4E91-922B-D15875811940}.Debug|x86.ActiveCfg = Debug|Win32
		{37A08A6C-932F-4E91-922B-D15875811940}.Debug|x86.Build.0 = Debug|Win32
		{37A08A6C-932F-4E91-922B-D15875811940}.Release|x64.ActiveCfg = Release|x64
		{37A08A6C-932F-4E91-922B-D15875811940}.Release|x64.Build.0 = Release|x64
		{37A08A6C-932F-4E91-922B-D15875811940}.Release|x86.ActiveCfg = Release|Win32
		{37A08A6C-932F-4E91-922B-D15875811940}.Release|x86.Build.0 = Release|Win32
		{7DB7DD10-BBBF-4C6F-A6CB-9B8D69EAA396}.Debug|x64.ActiveCfg = Debug|x64
		{7DB7DD10-BBBF-4C6F-A6CB-9B8D69EAA396}.Debug|x64.Build.0 = Debug|x64
		{7DB7DD10-BBBF-4C6F-A6CB-9B8D69EAA396}.Debug|x86.ActiveCfg = Debug|Win32
		{7DB7DD10-BBBF-4C6F-A6CB-9B8D69EAA396}.Debug|x86.Build.0 = Debug|Win32
		{7DB7DD10-BBBF-4C6F-A6CB-9B8D69EAA396}.Release|x64.ActiveCfg = Release|x64
		{7DB7DD10-BBBF-4C6F-A6CB-9B8D69EAA396}.Release|x64.Build.0 = Release|x64
		{7DB7DD10-BBBF-4C6F-A6CB-9B8D69EAA396}.Release|x86.ActiveCfg = Release|Win32
		{7DB7DD10-BBBF-4C6F-A6CB-9B8D69EAA396}.Release|x86.Build.0 = Release|Win32
		{9C2F915C-2BBD-4F6C-AB3B-7E173155E1FA}.Debug|x64.ActiveCfg = Debug|x64
		{9C2F915C-2BBD-4F6C-AB3B-7E173155E1FA}.Debug|x64.Build.0 = Debug|x64
		{9C2F915C-2BBD-4F6C-AB3B-7E173155E1FA}.Debug|x86.ActiveCfg = Debug|Win32
		{9C2F915C-2BBD-4F6C-AB3B-7E173155E1FA}.Debug|x86.Build.0 = Debug|Win32
		{9C2F915C-2BBD-4F6C-AB3B-7E173155E1FA}.Release|x64.ActiveCfg = Release|x64
		{9C2F915C-2BBD-4F6C-AB3B-7E173155E1FA}.Release|x64.Build.0 = Release|x64
		{9C2F915C-2BBD-4F6C-AB3B-7E173155E1FA}.Release|x86.ActiveCfg = Release|Win32
		{9C2F915C-2BBD-4F6C-AB3B-7E173155E1FA}.Release|x86.Build.0 = Release|Win32
		{E006EE7D-056B-42A0-AC36-C44B7A7633D7}.Debug|x64.ActiveCfg = Debug|x64
		{E006EE7D-056B-42A0-AC36-C44B7A7633D7}.Debug|x64.Build.0 = Debug|x64
		{E006EE7D-056B-42A0-AC36-C44B7A7633D7}.Debug|x86.ActiveCfg = Debug|Win32
		{E006EE7D-056B-42A0-AC36-C44B7A7633D7}.Debug|x86.Build.0 = Debug|Win32
		{E006EE7D-056B-42A0-AC36-C44B7A7633D7}.Release|x64.ActiveCfg = Release|x64
		{E006EE7D-056B-42A0-AC36-C44B7A7633D7}.Release|x64.Build.0 = Release|x64
		{E006EE7D-056B-42A0-AC36-C44B7A7633D7}.Release|x86.ActiveCfg = Release|Win32
		{E006EE7D-056B-42A0-AC36-C44B7A7633D7}.Release|x86.Build.0 = Release|Win32
		{C9BF3D1A-767F-421A-9870-ECF92ED17A5E}.Debug|x64.ActiveCfg = Debug|x64
		{C9BF3D1A-767F-421A-9870-ECF92ED17A5E}.Debug|x64.Build.0 = Debug|x64
		{C9BF3D1A-767F-421A-9870-ECF92ED17A5E}.Debug|x86.ActiveCfg = Debug|Win32
		{C9BF3D1A-767F-421A-9870-ECF92ED17A5E}.Debug|x86.Build.0 = Debug|Win32
		{C9BF3D1A-767F-421A-9870-ECF92ED17A5E}.Release|x64.ActiveCfg = Release|x64
		{C9BF3D1A-767F-421A-9870-ECF92ED17A5E}.Release|x64.Build.0 = Release|x64
		{C9BF3D1A-767F-421A-9870-ECF92ED17A5E}.Release|x86.ActiveCfg = Release|Win32
		{C9BF3D1A-767F-421A-9870-ECF92ED17A5E}.Release|x86.Build.0 = Release|Win32
		{6ED0C356-0492-43A3-B452-E845FCB9CD6F}.Debug|x64.ActiveCfg = Debug|x64
		{6ED0C356-0492-43A3-B452-E845FCB9CD6F}.Debug|x64.Build.0 = Debug|x64
		{6ED0C356-0492-43A3-B452-E845FCB9CD6F}.Debug|x86.ActiveCfg = Debug|Win32
		{6ED0C356-0492-43A3-B452-E845FCB9CD6F}.Debug|x86.Build.0 = Debug|Win32
		{6ED0C356-0492-43A3-B452-E845FCB9CD6F}.Release|x64.ActiveCfg = Release|x64
		{6ED0C356-0492-43A3-B452-E845FCB9CD6F}.Release|x64.Build.0 = Release|x64
		{6ED0C356-0492-43A3-B452-E845FCB9CD6F}.Release|x86.ActiveCfg = Release|Win32
		{6ED0C356-0492-43A3-B452-E845FCB9CD6F}.Release|x86.Build.0 = Release|Win32
		{465F8976-DBB6-4701-B601-330B2C3F81AF}.Debug|x64.ActiveCfg = Debug|x64
		{465F8976-DBB6-4701-B601-330B2C3F81AF}.Debug|x64.Build.0 = Debug|x64
		{465F8976-DBB6-4701-B601-330B2C3F81AF}.Debug|x86.ActiveCfg = Debug|Win32
		{465F8976-DBB6-4701-B601-330B2C3F81AF}.Debug|x86.Build.0 = Debug|Win32
		{465F8976-DBB6-4701-B601-330B2C3F81AF}.Release|x64.ActiveCfg = Release|x64
		{465F8976-DBB6-4701-B601-330B2C3F81AF}.Release|x64.Build.0 = Release|x64
		{465F8976-DBB6-4701-B601-330B2C3F81AF}.Release|x86.ActiveCfg = Release|Win32
		{465F8976-DBB6-4701-B601-330B2C3F81AF}.Release|x86.Build.0 = Release|Win32
		{C27A1954-05B9-4F7A-B707-35B7A63469F4}.Debug|x64.ActiveCfg = Debug|x64
		{C27A1954-05B9-4F7A-B707-35B7A63469F4}.Debug|x64.Build.0 = Debug|x64
		{C27A1954-05B9-4F7A-B707-35B7A63469F4}.Debug|x86.ActiveCfg = Debug|Win32
		{C27A1954-05B9-4F7A-B707-35B7A63469F4}.Debug|x86.Build.0 = Debug|Win32
		{C27A1954-05B9-4F7A-B707-35B7A63469F4}.Release|x64.ActiveCfg = Release|x64
		{C27A1954-05B9-4F7A-B707-35B7A63469F4}.Release|x64.Build.0 = Release|x64
		{C27A1954-05B9-4F7A-B707-35B7A63469F4}.Release|x86.ActiveCfg = Release|Win32
		{C27A1954-05B9-4F7A-B707-35B7A63469F4}.Release|x86.Build.0 = Release|Win32
		{4835BECE-2C70-4E10-9B1E-0358A01E93B9}.Debug|x64.ActiveCfg = Debug|x64
		{4835BECE-2C70-4E10-9B1E-0358A01E93B9}.Debug|x64.Build.0 = Debug|x64
		{4835BECE-2C70-4E10-9B1E-0358A01E93B9}.Debug|x86.ActiveCfg = Debug|Win32
		{4835BECE-2C70-4E10-9B1E-0358A01E93B9}.Debug|x86.Build.0 = Debug|Win32
		{4835BECE-2C70-4E10-9B1E-0358A01E93B9}.Release|x64.ActiveCfg = Release|x64
		{4835BECE-2C70-4E10-9B1E-0358A01E93B9}.Release|x64.Build.0 = Release|x64
		{4835BECE-2C70-4E10-9B1E-0358A01E93B9}.Release|x86.ActiveCfg = Release|Win32
		{4835BECE-2C70-4E10-9B1E-0358A01E93B9}.Release|x86.Build.0 = Release|Win32
		{1C754061-78C6-451D-984B-679DBCC8CBAF}.Debug|x64.ActiveCfg = Debug|x64
		{1C754061-78C6-451D-984B-679DBCC8CBAF}.Debug|x64.Build.0 = Debug|x64
		{1C754061-78C6-451D-984B-679DBCC8CBAF}.Debug|x86.ActiveCfg = Debug|Win32
		{1C754061-78C6-451D-984B-679DBCC8CBAF}.Debug|x86.Build.0 = Debug|Win32
		{1C754061-78C6-451D-984B-679DBCC8CBAF}.Release|x64.ActiveCfg = Release|x64
		{1C754061-78C6-451D-984B-679DBCC8CBAF}.Release|x64.Build.0 = Release|x64
		{1C754061-78C6-451D-984B-679DBCC8CBAF}.Release|x86.ActiveCfg = Release|Win32
		{1C754061-78C6-451D-984B-679DBCC8CBAF}.Release|x86.Build.0 = Release|Win32
		{227BBBE2-3DC4-4374-B8BE-79BB1F4FDFD2}.Debug|x64.ActiveCfg = Debug|x64
		{227BBBE2-3DC4-4374-B8BE-79BB1F4FDFD2}.Debug|x64.Build.0 = Debug|x64
		{227BBBE2-3DC4-4374-B8BE-79BB1F4FDFD2}.Debug|x86.ActiveCfg = Debug|Win32
		{227BBBE2-3DC4-4374-B8BE-79BB1F4FDFD2}.Debug|x86.Build.0 = Debug|Win32
		{227BBBE2-3DC4-4374-B8BE-79BB1F4FDFD2}.Release|x64.ActiveCfg = Release|x64
		{227BBBE2-3DC4-4374-B8BE-79BB1F4FDFD2}.Release|x64.Build.0 = Release|x64
		{227BBBE2-3DC4-4374-B8BE-79BB1F4FDFD2}.Release|x86.ActiveCfg = Release|Win32
		{227BBBE2-3DC4-4374-B8BE-79BB1F4FDFD2}.Release|x86.Build.0 = Release|Win32
		{F78C46D5-7B3D-44DE-AE88-D8AD3532111D}.Debug|x64.ActiveCfg = Debug|x64
		{F78C46D5-7B3D-44DE-AE88-D8AD3532111D}.Debug|x64.Build.0 = Debug|x64
		{F78C46D5-7B3D-44DE-AE88-D8AD3532111D}.Debug|x86.ActiveCfg = Debug|Win32
		{F78C46D5-7B3D-44DE-AE88-D8AD3532111D}.Debug|x86.Build.0 = Debug|Win32
		{F78C46D5-7B3D-44DE-AE88-D8AD3532111D}.Release|x64.ActiveCfg = Release|x64
		{F78C46D5-7B3D-44DE-AE88-D8AD3532111D}.Release|x64.Build.0 = Release|x64
		{F78C46D5-7B3D-44DE-AE88-D8AD3532111D}.Release|x86.ActiveCfg = Release|Win32
		{F78C46D5-7B3D-44DE-AE88-D8AD3532111D}.Release|x86.Build.0 = Release|Win32
		{B735EF04-A9A6-4E0F-AC73-784BBD785B8C}.Debug|x64.ActiveCfg = Debug|x64
		{B735EF04-A9A6-4E0F-AC73-784BBD785B8C}.Debug|x64.Build.0 = Debug|x64
		{B735EF04-A9A6-4E0F-AC73-784BBD785B8C}.Debug|x86.ActiveCfg = Debug|Win32
		{B735EF04-A9A6-4E0F-AC73-784BBD785B8C}.Debug|x86.Build.0 = Debug|Win32
		{B735EF04-A9A6-4E0F-AC73-784BBD785B8C}.Release|x64.ActiveCfg = Release|x64
		{B735EF04-A9A6-4E0F-AC73-784BBD785B8C}.Release|x64.Build.0 = Release|x64
		{B735EF04-A9A6-4E0F-AC73-784BBD785B8C}.Release|x86.ActiveCfg = Release|Win32
		{B735EF04-A9A6-4E0F-AC73-784BBD785B8C}.Release|x86.Build.0 = Release|Win32
		{2F58D79A-D2F3-4637-A348-C69CC72E307B}.Debug|x64.ActiveCfg = Debug|x64
		{2F58D79A-D2F3-4637-A348-C69CC72E307B}.Debug|x64.Build.0 = Debug|x64
		{2F58D79A-D2F3-4637-A348-C69CC72E307B}.Debug|x86.ActiveCfg = Debug|Win32
		{2F58D79A-D2F3-4637-A348-C69CC72E307B}.Debug|x86.Build.0 = Debug|Win32
		{2F58D79A-D2F3-4637-A348-C69CC72E307B}.Release|x64.ActiveCfg = Release|x64
		{2F58D79A-D2F3-4637-A348-C69CC72E307B}.Release|x64.Build.0 = Release|x64
		{2F58D79A-D2F3-4637-A348-C69CC72E307B}.Release|x86.ActiveCfg = Release|Win32
		{2F58D79A-D2F3-4637-A348-C69CC72E307B}.Release|x86.Build.0 = Release|Win32
		{56BCA1B5-E516-4214-AF54-DF8D49D6A572}.Debug|x64.ActiveCfg = Debug|x64
		{56BCA1B5-E516-4214-AF54-DF8D49D6A572}.Debug|x64.Build.0 = Debug|x64
		{56BCA1B5-E516-4214-AF54-DF8D49D6A572}.Debug|x86.ActiveCfg = Debug|Win32
		{56BCA1B5-E516-4214-AF54-DF8D49D6A572}.Debug|x86.Build.0 = Debug|Win32
		{56BCA1B5-E516-4214-AF54-DF8D49D6A572}.Release|x64.ActiveCfg = Release|x64
		{56BCA1B5-E516-4214-AF54-DF8D49D6A572}.Release|x64.Build.0 = Release|x64
		{56BCA1B5-E516-4214-AF54-DF8D49D6A572}.Release|x86.ActiveCfg = Release|Win32
		{56BCA1B5-E516-4214-AF54-DF8D49D6A572}.Release|x86.Build.0 = Release|Win32
		{834814CC-87A8-404C-A01E-36F0503640E3}.Debug|x64.ActiveCfg = Debug|x64
		{834814CC-87A8-404C-A01E-36F0503640E3}.Debug|x64.Build.0 = Debug|x64
		{834814CC-87A8-404C-A01E-36F0503640E3}.Debug|x86.ActiveCfg = Debug|Win32
		{834814CC-87A8-404C-A01E-36F0503640E3}.Debug|x86.Build.0 = Debug|Win32
		{834814CC-87A8-404C-A01E-36F0503640E3}.Release|x64.ActiveCfg = Release|x64
		{834814CC-87A8-404C-A01E-36F0503640E3}.Release|x64.Build.0 = Release|x64
		{834814CC-87A8-404C-A01E-36F0503640E3}.Release|x86.ActiveCfg = Release|Win32
		{834814CC-87A8-404C-A01E-36F0503640E3}.Release|x86.Build.0 = Release|Win32
	EndGlobalSection
	GlobalSection(SolutionProperties) = preSolution
		HideSolutionNode = FALSE
	EndGlobalSection
	GlobalSection(ExtensibilityGlobals) = postSolution
		SolutionGuid = {20CD23AE-77D8-41DB-98A5-2BCEA9AE6318}
	EndGlobalSection
EndGlobal
